
Microsoft Visual Studio Solution File, Format Version 12.00
# Visual Studio Version 16
VisualStudioVersion = 16.0.30804.86
MinimumVisualStudioVersion = 10.0.40219.1
Project("{9A19103F-16F7-4668-BE54-9A1E7A4F7556}") = "Elsheimy.Components.ePayment.Driver", "Elsheimy.Components.ePayment.Driver\Elsheimy.Components.ePayment.Driver.csproj", "{A201AEEB-11D6-424E-B2D9-F34C93D11178}"
EndProject
Project("{FAE04EC0-301F-11D3-BF4B-00C04F79EFBC}") = "Elsheimy.Components.ePayment.Migs", "Elsheimy.Components.ePayment.Migs\Elsheimy.Components.ePayment.Migs.csproj", "{F6A787A2-9EAB-4F48-8F92-EFA2970F6822}"
EndProject
Global
	GlobalSection(SolutionConfigurationPlatforms) = preSolution
		Debug|Any CPU = Debug|Any CPU
		Release|Any CPU = Release|Any CPU
	EndGlobalSection
	GlobalSection(ProjectConfigurationPlatforms) = postSolution
		{A201AEEB-11D6-424E-B2D9-F34C93D11178}.Debug|Any CPU.ActiveCfg = Debug|Any CPU
		{A201AEEB-11D6-424E-B2D9-F34C93D11178}.Debug|Any CPU.Build.0 = Debug|Any CPU
		{A201AEEB-11D6-424E-B2D9-F34C93D11178}.Release|Any CPU.ActiveCfg = Release|Any CPU
		{A201AEEB-11D6-424E-B2D9-F34C93D11178}.Release|Any CPU.Build.0 = Release|Any CPU
		{F6A787A2-9EAB-4F48-8F92-EFA2970F6822}.Debug|Any CPU.ActiveCfg = Debug|Any CPU
		{F6A787A2-9EAB-4F48-8F92-EFA2970F6822}.Debug|Any CPU.Build.0 = Debug|Any CPU
		{F6A787A2-9EAB-4F48-8F92-EFA2970F6822}.Release|Any CPU.ActiveCfg = Release|Any CPU
		{F6A787A2-9EAB-4F48-8F92-EFA2970F6822}.Release|Any CPU.Build.0 = Release|Any CPU
	EndGlobalSection
	GlobalSection(SolutionProperties) = preSolution
		HideSolutionNode = FALSE
	EndGlobalSection
	GlobalSection(ExtensibilityGlobals) = postSolution
		SolutionGuid = {E75A5599-8AEA-46B3-9AA3-303DCCDDC01B}
	EndGlobalSection
EndGlobal
